
Microsoft Visual Studio Solution File, Format Version 12.00
# Visual Studio 2012
Project("{FAE04EC0-301F-11D3-BF4B-00C04F79EFBC}") = "WalmartApi", "WalmartApi\WalmartApi.csproj", "{38D2B722-4FEF-4A00-ABD8-296DB8CF5DC8}"
EndProject
Global
	GlobalSection(SolutionConfigurationPlatforms) = preSolution
		Debug|Any CPU = Debug|Any CPU
		Release|Any CPU = Release|Any CPU
	EndGlobalSection
	GlobalSection(ProjectConfigurationPlatforms) = postSolution
		{38D2B722-4FEF-4A00-ABD8-296DB8CF5DC8}.Debug|Any CPU.ActiveCfg = Debug|Any CPU
		{38D2B722-4FEF-4A00-ABD8-296DB8CF5DC8}.Debug|Any CPU.Build.0 = Debug|Any CPU
		{38D2B722-4FEF-4A00-ABD8-296DB8CF5DC8}.Release|Any CPU.ActiveCfg = Release|Any CPU
		{38D2B722-4FEF-4A00-ABD8-296DB8CF5DC8}.Release|Any CPU.Build.0 = Release|Any CPU
	EndGlobalSection
	GlobalSection(SolutionProperties) = preSolution
		HideSolutionNode = FALSE
	EndGlobalSection
EndGlobal
